
Microsoft Visual Studio Solution File, Format Version 12.00
# Visual Studio 15
VisualStudioVersion = 15.0.27703.2035
MinimumVisualStudioVersion = 10.0.40219.1
Project("{888888A0-9F3D-457C-B088-3A5042F75D52}") = "DUCKHUNT-OSI", "DUCKHUNT-OSI.pyproj", "{8FDC0980-BAC7-41EC-B7BA-92812337C08C}"
EndProject
Global
	GlobalSection(SolutionConfigurationPlatforms) = preSolution
		Debug|Any CPU = Debug|Any CPU
		Release|Any CPU = Release|Any CPU
	EndGlobalSection
	GlobalSection(ProjectConfigurationPlatforms) = postSolution
		{8FDC0980-BAC7-41EC-B7BA-92812337C08C}.Debug|Any CPU.ActiveCfg = Debug|Any CPU
		{8FDC0980-BAC7-41EC-B7BA-92812337C08C}.Release|Any CPU.ActiveCfg = Release|Any CPU
	EndGlobalSection
	GlobalSection(SolutionProperties) = preSolution
		HideSolutionNode = FALSE
	EndGlobalSection
	GlobalSection(ExtensibilityGlobals) = postSolution
		SolutionGuid = {A4665DD0-FFA0-48F7-A08D-176022AB8514}
	EndGlobalSection
EndGlobal
